{
    "name": "@chemistry/math",
    "version": "2.9.0",
    "lockfileVersion": 1,
    "requires": true,
    "dependencies": {
        "@chemistry/common": {
            "version": "2.9.0",
            "resolved": "https://registry.npmjs.org/@chemistry/common/-/common-2.9.0.tgz",
            "integrity": "sha512-8SrxBhhmeO/LSMi95uR+c75Af1AF1lQib2rzVHeXiI5ywvrZhsM4XkRnbx7GztETJ6wCDeX7qQwkdlj/tIkljA=="
        }
    }
}
